// !$*UTF8*$!
{
	archiveVersion = 1;
	classes = {
	};
	objectVersion = 50;
	objects = {

/* Begin PBXBuildFile section */
		6A17248F235AA1240043759C /* Alamofire.framework in CopyFiles */ = {isa = PBXBuildFile; fileRef = 6A17248D235AA1240043759C /* Alamofire.framework */; settings = {ATTRIBUTES = (CodeSignOnCopy, RemoveHeadersOnCopy, ); }; };
		6A172490235AA1240043759C /* AlamofireImage.framework in CopyFiles */ = {isa = PBXBuildFile; fileRef = 6A17248E235AA1240043759C /* AlamofireImage.framework */; settings = {ATTRIBUTES = (CodeSignOnCopy, RemoveHeadersOnCopy, ); }; };
		6A391999235A988700700F72 /* AlamofireImage.framework in Frameworks */ = {isa = PBXBuildFile; fileRef = 6A391998235A988700700F72 /* AlamofireImage.framework */; };
		6A39199B235A988900700F72 /* Alamofire.framework in Frameworks */ = {isa = PBXBuildFile; fileRef = 6A39199A235A988900700F72 /* Alamofire.framework */; };
		6A69A600235A050C0027A661 /* AppDelegate.swift in Sources */ = {isa = PBXBuildFile; fileRef = 6A69A5FF235A050C0027A661 /* AppDelegate.swift */; };
		6A69A605235A050C0027A661 /* Main.storyboard in Resources */ = {isa = PBXBuildFile; fileRef = 6A69A603235A050C0027A661 /* Main.storyboard */; };
		6A69A607235A050D0027A661 /* Assets.xcassets in Resources */ = {isa = PBXBuildFile; fileRef = 6A69A606235A050D0027A661 /* Assets.xcassets */; };
		6A69A60A235A050D0027A661 /* LaunchScreen.storyboard in Resources */ = {isa = PBXBuildFile; fileRef = 6A69A608235A050D0027A661 /* LaunchScreen.storyboard */; };
		6A69A615235A050D0027A661 /* FlixTests.swift in Sources */ = {isa = PBXBuildFile; fileRef = 6A69A614235A050D0027A661 /* FlixTests.swift */; };
		6A69A620235A050D0027A661 /* FlixUITests.swift in Sources */ = {isa = PBXBuildFile; fileRef = 6A69A61F235A050D0027A661 /* FlixUITests.swift */; };
		6A69A62E235A0EC20027A661 /* FlixViewController.swift in Sources */ = {isa = PBXBuildFile; fileRef = 6A69A62D235A0EC20027A661 /* FlixViewController.swift */; };
		6A69A636235A55DC0027A661 /* movieCell.swift in Sources */ = {isa = PBXBuildFile; fileRef = 6A69A635235A55DC0027A661 /* movieCell.swift */; };
		6A8658CF23633B2900FDA5B9 /* movieGridViewController.swift in Sources */ = {isa = PBXBuildFile; fileRef = 6A8658CE23633B2900FDA5B9 /* movieGridViewController.swift */; };
		6A8658D32363464000FDA5B9 /* movieGridCell.swift in Sources */ = {isa = PBXBuildFile; fileRef = 6A8658D22363464000FDA5B9 /* movieGridCell.swift */; };
		6A8DCFD7235E005100BD4689 /* DetailsViewController.swift in Sources */ = {isa = PBXBuildFile; fileRef = 6A8DCFD6235E005100BD4689 /* DetailsViewController.swift */; };
/* End PBXBuildFile section */

/* Begin PBXContainerItemProxy section */
		6A69A611235A050D0027A661 /* PBXContainerItemProxy */ = {
			isa = PBXContainerItemProxy;
			containerPortal = 6A69A5F4235A050C0027A661 /* Project object */;
			proxyType = 1;
			remoteGlobalIDString = 6A69A5FB235A050C0027A661;
			remoteInfo = Flix;
		};
		6A69A61C235A050D0027A661 /* PBXContainerItemProxy */ = {
			isa = PBXContainerItemProxy;
			containerPortal = 6A69A5F4235A050C0027A661 /* Project object */;
			proxyType = 1;
			remoteGlobalIDString = 6A69A5FB235A050C0027A661;
			remoteInfo = Flix;
		};
/* End PBXContainerItemProxy section */

/* Begin PBXCopyFilesBuildPhase section */
		6A17248A235A9F990043759C /* CopyFiles */ = {
			isa = PBXCopyFilesBuildPhase;
			buildActionMask = 12;
			dstPath = "";
			dstSubfolderSpec = 10;
			files = (
				6A17248F235AA1240043759C /* Alamofire.framework in CopyFiles */,
				6A172490235AA1240043759C /* AlamofireImage.framework in CopyFiles */,
			);
			runOnlyForDeploymentPostprocessing = 0;
		};
/* End PBXCopyFilesBuildPhase section */

/* Begin PBXFileReference section */
		6A17248B235AA05F0043759C /* Alamofire.framework */ = {isa = PBXFileReference; lastKnownFileType = wrapper.framework; name = Alamofire.framework; path = Carthage/Build/iOS/Alamofire.framework; sourceTree = "<group>"; };
		6A17248D235AA1240043759C /* Alamofire.framework */ = {isa = PBXFileReference; lastKnownFileType = wrapper.framework; name = Alamofire.framework; path = Carthage/Build/iOS/Alamofire.framework; sourceTree = "<group>"; };
		6A17248E235AA1240043759C /* AlamofireImage.framework */ = {isa = PBXFileReference; lastKnownFileType = wrapper.framework; name = AlamofireImage.framework; path = Carthage/Build/iOS/AlamofireImage.framework; sourceTree = "<group>"; };
		6A391998235A988700700F72 /* AlamofireImage.framework */ = {isa = PBXFileReference; lastKnownFileType = wrapper.framework; name = AlamofireImage.framework; path = Carthage/Build/iOS/AlamofireImage.framework; sourceTree = "<group>"; };
		6A39199A235A988900700F72 /* Alamofire.framework */ = {isa = PBXFileReference; lastKnownFileType = wrapper.framework; name = Alamofire.framework; path = Carthage/Build/iOS/Alamofire.framework; sourceTree = "<group>"; };
		6A69A5FC235A050C0027A661 /* Flix.app */ = {isa = PBXFileReference; explicitFileType = wrapper.application; includeInIndex = 0; path = Flix.app; sourceTree = BUILT_PRODUCTS_DIR; };
		6A69A5FF235A050C0027A661 /* AppDelegate.swift */ = {isa = PBXFileReference; lastKnownFileType = sourcecode.swift; path = AppDelegate.swift; sourceTree = "<group>"; };
		6A69A604235A050C0027A661 /* Base */ = {isa = PBXFileReference; lastKnownFileType = file.storyboard; name = Base; path = Base.lproj/Main.storyboard; sourceTree = "<group>"; };
		6A69A606235A050D0027A661 /* Assets.xcassets */ = {isa = PBXFileReference; lastKnownFileType = folder.assetcatalog; path = Assets.xcassets; sourceTree = "<group>"; };
		6A69A609235A050D0027A661 /* Base */ = {isa = PBXFileReference; lastKnownFileType = file.storyboard; name = Base; path = Base.lproj/LaunchScreen.storyboard; sourceTree = "<group>"; };
		6A69A60B235A050D0027A661 /* Info.plist */ = {isa = PBXFileReference; lastKnownFileType = text.plist.xml; path = Info.plist; sourceTree = "<group>"; };
		6A69A610235A050D0027A661 /* FlixTests.xctest */ = {isa = PBXFileReference; explicitFileType = wrapper.cfbundle; includeInIndex = 0; path = FlixTests.xctest; sourceTree = BUILT_PRODUCTS_DIR; };
		6A69A614235A050D0027A661 /* FlixTests.swift */ = {isa = PBXFileReference; lastKnownFileType = sourcecode.swift; path = FlixTests.swift; sourceTree = "<group>"; };
		6A69A616235A050D0027A661 /* Info.plist */ = {isa = PBXFileReference; lastKnownFileType = text.plist.xml; path = Info.plist; sourceTree = "<group>"; };
		6A69A61B235A050D0027A661 /* FlixUITests.xctest */ = {isa = PBXFileReference; explicitFileType = wrapper.cfbundle; includeInIndex = 0; path = FlixUITests.xctest; sourceTree = BUILT_PRODUCTS_DIR; };
		6A69A61F235A050D0027A661 /* FlixUITests.swift */ = {isa = PBXFileReference; lastKnownFileType = sourcecode.swift; path = FlixUITests.swift; sourceTree = "<group>"; };
		6A69A621235A050D0027A661 /* Info.plist */ = {isa = PBXFileReference; lastKnownFileType = text.plist.xml; path = Info.plist; sourceTree = "<group>"; };
		6A69A62D235A0EC20027A661 /* FlixViewController.swift */ = {isa = PBXFileReference; lastKnownFileType = sourcecode.swift; path = FlixViewController.swift; sourceTree = "<group>"; };
		6A69A635235A55DC0027A661 /* movieCell.swift */ = {isa = PBXFileReference; lastKnownFileType = sourcecode.swift; path = movieCell.swift; sourceTree = "<group>"; };
		6A8658CE23633B2900FDA5B9 /* movieGridViewController.swift */ = {isa = PBXFileReference; lastKnownFileType = sourcecode.swift; path = movieGridViewController.swift; sourceTree = "<group>"; };
		6A8658D22363464000FDA5B9 /* movieGridCell.swift */ = {isa = PBXFileReference; lastKnownFileType = sourcecode.swift; path = movieGridCell.swift; sourceTree = "<group>"; };
		6A8DCFD6235E005100BD4689 /* DetailsViewController.swift */ = {isa = PBXFileReference; lastKnownFileType = sourcecode.swift; path = DetailsViewController.swift; sourceTree = "<group>"; };
/* End PBXFileReference section */

/* Begin PBXFrameworksBuildPhase section */
		6A69A5F9235A050C0027A661 /* Frameworks */ = {
			isa = PBXFrameworksBuildPhase;
			buildActionMask = 2147483647;
			files = (
				6A391999235A988700700F72 /* AlamofireImage.framework in Frameworks */,
				6A39199B235A988900700F72 /* Alamofire.framework in Frameworks */,
			);
			runOnlyForDeploymentPostprocessing = 0;
		};
		6A69A60D235A050D0027A661 /* Frameworks */ = {
			isa = PBXFrameworksBuildPhase;
			buildActionMask = 2147483647;
			files = (
			);
			runOnlyForDeploymentPostprocessing = 0;
		};
		6A69A618235A050D0027A661 /* Frameworks */ = {
			isa = PBXFrameworksBuildPhase;
			buildActionMask = 2147483647;
			files = (
			);
			runOnlyForDeploymentPostprocessing = 0;
		};
/* End PBXFrameworksBuildPhase section */

/* Begin PBXGroup section */
		6A391997235A988700700F72 /* Frameworks */ = {
			isa = PBXGroup;
			children = (
				6A39199A235A988900700F72 /* Alamofire.framework */,
				6A391998235A988700700F72 /* AlamofireImage.framework */,
			);
			name = Frameworks;
			sourceTree = "<group>";
		};
		6A69A5F3235A050C0027A661 = {
			isa = PBXGroup;
			children = (
				6A17248B235AA05F0043759C /* Alamofire.framework */,
				6A17248D235AA1240043759C /* Alamofire.framework */,
				6A17248E235AA1240043759C /* AlamofireImage.framework */,
				6A69A5FE235A050C0027A661 /* Flix */,
				6A69A613235A050D0027A661 /* FlixTests */,
				6A69A61E235A050D0027A661 /* FlixUITests */,
				6A69A5FD235A050C0027A661 /* Products */,
				6A391997235A988700700F72 /* Frameworks */,
			);
			sourceTree = "<group>";
		};
		6A69A5FD235A050C0027A661 /* Products */ = {
			isa = PBXGroup;
			children = (
				6A69A5FC235A050C0027A661 /* Flix.app */,
				6A69A610235A050D0027A661 /* FlixTests.xctest */,
				6A69A61B235A050D0027A661 /* FlixUITests.xctest */,
			);
			name = Products;
			sourceTree = "<group>";
		};
		6A69A5FE235A050C0027A661 /* Flix */ = {
			isa = PBXGroup;
			children = (
				6A69A5FF235A050C0027A661 /* AppDelegate.swift */,
				6A69A603235A050C0027A661 /* Main.storyboard */,
				6A69A606235A050D0027A661 /* Assets.xcassets */,
				6A69A608235A050D0027A661 /* LaunchScreen.storyboard */,
				6A69A60B235A050D0027A661 /* Info.plist */,
				6A69A62D235A0EC20027A661 /* FlixViewController.swift */,
				6A69A635235A55DC0027A661 /* movieCell.swift */,
				6A8DCFD6235E005100BD4689 /* DetailsViewController.swift */,
				6A8658CE23633B2900FDA5B9 /* movieGridViewController.swift */,
				6A8658D22363464000FDA5B9 /* movieGridCell.swift */,
			);
			path = Flix;
			sourceTree = "<group>";
		};
		6A69A613235A050D0027A661 /* FlixTests */ = {
			isa = PBXGroup;
			children = (
				6A69A614235A050D0027A661 /* FlixTests.swift */,
				6A69A616235A050D0027A661 /* Info.plist */,
			);
			path = FlixTests;
			sourceTree = "<group>";
		};
		6A69A61E235A050D0027A661 /* FlixUITests */ = {
			isa = PBXGroup;
			children = (
				6A69A61F235A050D0027A661 /* FlixUITests.swift */,
				6A69A621235A050D0027A661 /* Info.plist */,
			);
			path = FlixUITests;
			sourceTree = "<group>";
		};
/* End PBXGroup section */

/* Begin PBXNativeTarget section */
		6A69A5FB235A050C0027A661 /* Flix */ = {
			isa = PBXNativeTarget;
			buildConfigurationList = 6A69A624235A050D0027A661 /* Build configuration list for PBXNativeTarget "Flix" */;
			buildPhases = (
				6A69A5F8235A050C0027A661 /* Sources */,
				6A69A5F9235A050C0027A661 /* Frameworks */,
				6A69A5FA235A050C0027A661 /* Resources */,
				6A39199C235A98AF00700F72 /* ShellScript */,
				6A17248A235A9F990043759C /* CopyFiles */,
			);
			buildRules = (
			);
			dependencies = (
			);
			name = Flix;
			productName = Flix;
			productReference = 6A69A5FC235A050C0027A661 /* Flix.app */;
			productType = "com.apple.product-type.application";
		};
		6A69A60F235A050D0027A661 /* FlixTests */ = {
			isa = PBXNativeTarget;
			buildConfigurationList = 6A69A627235A050D0027A661 /* Build configuration list for PBXNativeTarget "FlixTests" */;
			buildPhases = (
				6A69A60C235A050D0027A661 /* Sources */,
				6A69A60D235A050D0027A661 /* Frameworks */,
				6A69A60E235A050D0027A661 /* Resources */,
			);
			buildRules = (
			);
			dependencies = (
				6A69A612235A050D0027A661 /* PBXTargetDependency */,
			);
			name = FlixTests;
			productName = FlixTests;
			productReference = 6A69A610235A050D0027A661 /* FlixTests.xctest */;
			productType = "com.apple.product-type.bundle.unit-test";
		};
		6A69A61A235A050D0027A661 /* FlixUITests */ = {
			isa = PBXNativeTarget;
			buildConfigurationList = 6A69A62A235A050D0027A661 /* Build configuration list for PBXNativeTarget "FlixUITests" */;
			buildPhases = (
				6A69A617235A050D0027A661 /* Sources */,
				6A69A618235A050D0027A661 /* Frameworks */,
				6A69A619235A050D0027A661 /* Resources */,
			);
			buildRules = (
			);
			dependencies = (
				6A69A61D235A050D0027A661 /* PBXTargetDependency */,
			);
			name = FlixUITests;
			productName = FlixUITests;
			productReference = 6A69A61B235A050D0027A661 /* FlixUITests.xctest */;
			productType = "com.apple.product-type.bundle.ui-testing";
		};
/* End PBXNativeTarget section */

/* Begin PBXProject section */
		6A69A5F4235A050C0027A661 /* Project object */ = {
			isa = PBXProject;
			attributes = {
				LastSwiftUpdateCheck = 1030;
				LastUpgradeCheck = 1030;
				ORGANIZATIONNAME = "Kevin Denis";
				TargetAttributes = {
					6A69A5FB235A050C0027A661 = {
						CreatedOnToolsVersion = 10.3;
					};
					6A69A60F235A050D0027A661 = {
						CreatedOnToolsVersion = 10.3;
						TestTargetID = 6A69A5FB235A050C0027A661;
					};
					6A69A61A235A050D0027A661 = {
						CreatedOnToolsVersion = 10.3;
						TestTargetID = 6A69A5FB235A050C0027A661;
					};
				};
			};
			buildConfigurationList = 6A69A5F7235A050C0027A661 /* Build configuration list for PBXProject "Flix" */;
			compatibilityVersion = "Xcode 9.3";
			developmentRegion = en;
			hasScannedForEncodings = 0;
			knownRegions = (
				en,
				Base,
			);
			mainGroup = 6A69A5F3235A050C0027A661;
			productRefGroup = 6A69A5FD235A050C0027A661 /* Products */;
			projectDirPath = "";
			projectRoot = "";
			targets = (
				6A69A5FB235A050C0027A661 /* Flix */,
				6A69A60F235A050D0027A661 /* FlixTests */,
				6A69A61A235A050D0027A661 /* FlixUITests */,
			);
		};
/* End PBXProject section */

/* Begin PBXResourcesBuildPhase section */
		6A69A5FA235A050C0027A661 /* Resources */ = {
			isa = PBXResourcesBuildPhase;
			buildActionMask = 2147483647;
			files = (
				6A69A60A235A050D0027A661 /* LaunchScreen.storyboard in Resources */,
				6A69A607235A050D0027A661 /* Assets.xcassets in Resources */,
				6A69A605235A050C0027A661 /* Main.storyboard in Resources */,
			);
			runOnlyForDeploymentPostprocessing = 0;
		};
		6A69A60E235A050D0027A661 /* Resources */ = {
			isa = PBXResourcesBuildPhase;
			buildActionMask = 2147483647;
			files = (
			);
			runOnlyForDeploymentPostprocessing = 0;
		};
		6A69A619235A050D0027A661 /* Resources */ = {
			isa = PBXResourcesBuildPhase;
			buildActionMask = 2147483647;
			files = (
			);
			runOnlyForDeploymentPostprocessing = 0;
		};
/* End PBXResourcesBuildPhase section */

/* Begin PBXShellScriptBuildPhase section */
		6A39199C235A98AF00700F72 /* ShellScript */ = {
			isa = PBXShellScriptBuildPhase;
			buildActionMask = 8;
			files = (
			);
			inputFileListPaths = (
			);
			inputPaths = (
				"$(SRCROOT)/$(SRCROOT)/Carthage/Build/iOS/Alamofire.framework",
				"$(SRCROOT)/Carthage/Build/iOS/AlamofireImage.framework",
			);
			outputFileListPaths = (
			);
			outputPaths = (
			);
			runOnlyForDeploymentPostprocessing = 1;
			shellPath = /bin/sh;
			shellScript = "/usr/local/bin/carthage copy-frameworks\n";
		};
/* End PBXShellScriptBuildPhase section */

/* Begin PBXSourcesBuildPhase section */
		6A69A5F8235A050C0027A661 /* Sources */ = {
			isa = PBXSourcesBuildPhase;
			buildActionMask = 2147483647;
			files = (
				6A8658D32363464000FDA5B9 /* movieGridCell.swift in Sources */,
				6A69A636235A55DC0027A661 /* movieCell.swift in Sources */,
				6A69A600235A050C0027A661 /* AppDelegate.swift in Sources */,
				6A8658CF23633B2900FDA5B9 /* movieGridViewController.swift in Sources */,
				6A69A62E235A0EC20027A661 /* FlixViewController.swift in Sources */,
				6A8DCFD7235E005100BD4689 /* DetailsViewController.swift in Sources */,
			);
			runOnlyForDeploymentPostprocessing = 0;
		};
		6A69A60C235A050D0027A661 /* Sources */ = {
			isa = PBXSourcesBuildPhase;
			buildActionMask = 2147483647;
			files = (
				6A69A615235A050D0027A661 /* FlixTests.swift in Sources */,
			);
			runOnlyForDeploymentPostprocessing = 0;
		};
		6A69A617235A050D0027A661 /* Sources */ = {
			isa = PBXSourcesBuildPhase;
			buildActionMask = 2147483647;
			files = (
				6A69A620235A050D0027A661 /* FlixUITests.swift in Sources */,
			);
			runOnlyForDeploymentPostprocessing = 0;
		};
/* End PBXSourcesBuildPhase section */

/* Begin PBXTargetDependency section */
		6A69A612235A050D0027A661 /* PBXTargetDependency */ = {
			isa = PBXTargetDependency;
			target = 6A69A5FB235A050C0027A661 /* Flix */;
			targetProxy = 6A69A611235A050D0027A661 /* PBXContainerItemProxy */;
		};
		6A69A61D235A050D0027A661 /* PBXTargetDependency */ = {
			isa = PBXTargetDependency;
			target = 6A69A5FB235A050C0027A661 /* Flix */;
			targetProxy = 6A69A61C235A050D0027A661 /* PBXContainerItemProxy */;
		};
/* End PBXTargetDependency section */

/* Begin PBXVariantGroup section */
		6A69A603235A050C0027A661 /* Main.storyboard */ = {
			isa = PBXVariantGroup;
			children = (
				6A69A604235A050C0027A661 /* Base */,
			);
			name = Main.storyboard;
			sourceTree = "<group>";
		};
		6A69A608235A050D0027A661 /* LaunchScreen.storyboard */ = {
			isa = PBXVariantGroup;
			children = (
				6A69A609235A050D0027A661 /* Base */,
			);
			name = LaunchScreen.storyboard;
			sourceTree = "<group>";
		};
/* End PBXVariantGroup section */

/* Begin XCBuildConfiguration section */
		6A69A622235A050D0027A661 /* Debug */ = {
			isa = XCBuildConfiguration;
			buildSettings = {
				ALWAYS_SEARCH_USER_PATHS = NO;
				CLANG_ANALYZER_NONNULL = YES;
				CLANG_ANALYZER_NUMBER_OBJECT_CONVERSION = YES_AGGRESSIVE;
				CLANG_CXX_LANGUAGE_STANDARD = "gnu++14";
				CLANG_CXX_LIBRARY = "libc++";
				CLANG_ENABLE_MODULES = YES;
				CLANG_ENABLE_OBJC_ARC = YES;
				CLANG_ENABLE_OBJC_WEAK = YES;
				CLANG_WARN_BLOCK_CAPTURE_AUTORELEASING = YES;
				CLANG_WARN_BOOL_CONVERSION = YES;
				CLANG_WARN_COMMA = YES;
				CLANG_WARN_CONSTANT_CONVERSION = YES;
				CLANG_WARN_DEPRECATED_OBJC_IMPLEMENTATIONS = YES;
				CLANG_WARN_DIRECT_OBJC_ISA_USAGE = YES_ERROR;
				CLANG_WARN_DOCUMENTATION_COMMENTS = YES;
				CLANG_WARN_EMPTY_BODY = YES;
				CLANG_WARN_ENUM_CONVERSION = YES;
				CLANG_WARN_INFINITE_RECURSION = YES;
				CLANG_WARN_INT_CONVERSION = YES;
				CLANG_WARN_NON_LITERAL_NULL_CONVERSION = YES;
				CLANG_WARN_OBJC_IMPLICIT_RETAIN_SELF = YES;
				CLANG_WARN_OBJC_LITERAL_CONVERSION = YES;
				CLANG_WARN_OBJC_ROOT_CLASS = YES_ERROR;
				CLANG_WARN_RANGE_LOOP_ANALYSIS = YES;
				CLANG_WARN_STRICT_PROTOTYPES = YES;
				CLANG_WARN_SUSPICIOUS_MOVE = YES;
				CLANG_WARN_UNGUARDED_AVAILABILITY = YES_AGGRESSIVE;
				CLANG_WARN_UNREACHABLE_CODE = YES;
				CLANG_WARN__DUPLICATE_METHOD_MATCH = YES;
				CODE_SIGN_IDENTITY = "iPhone Developer";
				COPY_PHASE_STRIP = NO;
				DEBUG_INFORMATION_FORMAT = dwarf;
				ENABLE_STRICT_OBJC_MSGSEND = YES;
				ENABLE_TESTABILITY = YES;
				GCC_C_LANGUAGE_STANDARD = gnu11;
				GCC_DYNAMIC_NO_PIC = NO;
				GCC_NO_COMMON_BLOCKS = YES;
				GCC_OPTIMIZATION_LEVEL = 0;
				GCC_PREPROCESSOR_DEFINITIONS = (
					"DEBUG=1",
					"$(inherited)",
				);
				GCC_WARN_64_TO_32_BIT_CONVERSION = YES;
				GCC_WARN_ABOUT_RETURN_TYPE = YES_ERROR;
				GCC_WARN_UNDECLARED_SELECTOR = YES;
				GCC_WARN_UNINITIALIZED_AUTOS = YES_AGGRESSIVE;
				GCC_WARN_UNUSED_FUNCTION = YES;
				GCC_WARN_UNUSED_VARIABLE = YES;
				IPHONEOS_DEPLOYMENT_TARGET = 12.4;
				MTL_ENABLE_DEBUG_INFO = INCLUDE_SOURCE;
				MTL_FAST_MATH = YES;
				ONLY_ACTIVE_ARCH = YES;
				SDKROOT = iphoneos;
				SWIFT_ACTIVE_COMPILATION_CONDITIONS = DEBUG;
				SWIFT_OPTIMIZATION_LEVEL = "-Onone";
			};
			name = Debug;
		};
		6A69A623235A050D0027A661 /* Release */ = {
			isa = XCBuildConfiguration;
			buildSettings = {
				ALWAYS_SEARCH_USER_PATHS = NO;
				CLANG_ANALYZER_NONNULL = YES;
				CLANG_ANALYZER_NUMBER_OBJECT_CONVERSION = YES_AGGRESSIVE;
				CLANG_CXX_LANGUAGE_STANDARD = "gnu++14";
				CLANG_CXX_LIBRARY = "libc++";
				CLANG_ENABLE_MODULES = YES;
				CLANG_ENABLE_OBJC_ARC = YES;
				CLANG_ENABLE_OBJC_WEAK = YES;
				CLANG_WARN_BLOCK_CAPTURE_AUTORELEASING = YES;
				CLANG_WARN_BOOL_CONVERSION = YES;
				CLANG_WARN_COMMA = YES;
				CLANG_WARN_CONSTANT_CONVERSION = YES;
				CLANG_WARN_DEPRECATED_OBJC_IMPLEMENTATIONS = YES;
				CLANG_WARN_DIRECT_OBJC_ISA_USAGE = YES_ERROR;
				CLANG_WARN_DOCUMENTATION_COMMENTS = YES;
				CLANG_WARN_EMPTY_BODY = YES;
				CLANG_WARN_ENUM_CONVERSION = YES;
				CLANG_WARN_INFINITE_RECURSION = YES;
				CLANG_WARN_INT_CONVERSION = YES;
				CLANG_WARN_NON_LITERAL_NULL_CONVERSION = YES;
				CLANG_WARN_OBJC_IMPLICIT_RETAIN_SELF = YES;
				CLANG_WARN_OBJC_LITERAL_CONVERSION = YES;
				CLANG_WARN_OBJC_ROOT_CLASS = YES_ERROR;
				CLANG_WARN_RANGE_LOOP_ANALYSIS = YES;
				CLANG_WARN_STRICT_PROTOTYPES = YES;
				CLANG_WARN_SUSPICIOUS_MOVE = YES;
				CLANG_WARN_UNGUARDED_AVAILABILITY = YES_AGGRESSIVE;
				CLANG_WARN_UNREACHABLE_CODE = YES;
				CLANG_WARN__DUPLICATE_METHOD_MATCH = YES;
				CODE_SIGN_IDENTITY = "iPhone Developer";
				COPY_PHASE_STRIP = NO;
				DEBUG_INFORMATION_FORMAT = "dwarf-with-dsym";
				ENABLE_NS_ASSERTIONS = NO;
				ENABLE_STRICT_OBJC_MSGSEND = YES;
				GCC_C_LANGUAGE_STANDARD = gnu11;
				GCC_NO_COMMON_BLOCKS = YES;
				GCC_WARN_64_TO_32_BIT_CONVERSION = YES;
				GCC_WARN_ABOUT_RETURN_TYPE = YES_ERROR;
				GCC_WARN_UNDECLARED_SELECTOR = YES;
				GCC_WARN_UNINITIALIZED_AUTOS = YES_AGGRESSIVE;
				GCC_WARN_UNUSED_FUNCTION = YES;
				GCC_WARN_UNUSED_VARIABLE = YES;
				IPHONEOS_DEPLOYMENT_TARGET = 12.4;
				MTL_ENABLE_DEBUG_INFO = NO;
				MTL_FAST_MATH = YES;
				SDKROOT = iphoneos;
				SWIFT_COMPILATION_MODE = wholemodule;
				SWIFT_OPTIMIZATION_LEVEL = "-O";
				VALIDATE_PRODUCT = YES;
			};
			name = Release;
		};
		6A69A625235A050D0027A661 /* Debug */ = {
			isa = XCBuildConfiguration;
			buildSettings = {
				ASSETCATALOG_COMPILER_APPICON_NAME = AppIcon;
				CODE_SIGN_STYLE = Automatic;
				DEVELOPMENT_TEAM = "";
				FRAMEWORK_SEARCH_PATHS = (
					"$(inherited)",
					"$(PROJECT_DIR)/Carthage/Build/iOS",
				);
				INFOPLIST_FILE = Flix/Info.plist;
				IPHONEOS_DEPLOYMENT_TARGET = 11.0;
				LD_RUNPATH_SEARCH_PATHS = (
					"$(inherited)",
					"@executable_path/Frameworks",
				);
				PRODUCT_BUNDLE_IDENTIFIER = "www.linkedin.com-in-kevin-denis2022-.Flix";
				PRODUCT_NAME = "$(TARGET_NAME)";
				SWIFT_VERSION = 5.0;
				TARGETED_DEVICE_FAMILY = "1,2";
			};
			name = Debug;
		};
		6A69A626235A050D0027A661 /* Release */ = {
			isa = XCBuildConfiguration;
			buildSettings = {
				ASSETCATALOG_COMPILER_APPICON_NAME = AppIcon;
				CODE_SIGN_STYLE = Automatic;
				DEVELOPMENT_TEAM = "";
				FRAMEWORK_SEARCH_PATHS = (
					"$(inherited)",
					"$(PROJECT_DIR)/Carthage/Build/iOS",
				);
				INFOPLIST_FILE = Flix/Info.plist;
				IPHONEOS_DEPLOYMENT_TARGET = 11.0;
				LD_RUNPATH_SEARCH_PATHS = (
					"$(inherited)",
					"@executable_path/Frameworks",
				);
				PRODUCT_BUNDLE_IDENTIFIER = "www.linkedin.com-in-kevin-denis2022-.Flix";
				PRODUCT_NAME = "$(TARGET_NAME)";
				SWIFT_VERSION = 5.0;
				TARGETED_DEVICE_FAMILY = "1,2";
			};
			name = Release;
		};
		6A69A628235A050D0027A661 /* Debug */ = {
			isa = XCBuildConfiguration;
			buildSettings = {
				ALWAYS_EMBED_SWIFT_STANDARD_LIBRARIES = YES;
				BUNDLE_LOADER = "$(TEST_HOST)";
				CODE_SIGN_STYLE = Automatic;
				INFOPLIST_FILE = FlixTests/Info.plist;
				LD_RUNPATH_SEARCH_PATHS = (
					"$(inherited)",
					"@executable_path/Frameworks",
					"@loader_path/Frameworks",
				);
				PRODUCT_BUNDLE_IDENTIFIER = "www.linkedin.com-in-kevin-denis2022-.FlixTests";
				PRODUCT_NAME = "$(TARGET_NAME)";
				SWIFT_VERSION = 5.0;
				TARGETED_DEVICE_FAMILY = "1,2";
				TEST_HOST = "$(BUILT_PRODUCTS_DIR)/Flix.app/Flix";
			};
			name = Debug;
		};
		6A69A629235A050D0027A661 /* Release */ = {
			isa = XCBuildConfiguration;
			buildSettings = {
				ALWAYS_EMBED_SWIFT_STANDARD_LIBRARIES = YES;
				BUNDLE_LOADER = "$(TEST_HOST)";
				CODE_SIGN_STYLE = Automatic;
				INFOPLIST_FILE = FlixTests/Info.plist;
				LD_RUNPATH_SEARCH_PATHS = (
					"$(inherited)",
					"@executable_path/Frameworks",
					"@loader_path/Frameworks",
				);
				PRODUCT_BUNDLE_IDENTIFIER = "www.linkedin.com-in-kevin-denis2022-.FlixTests";
				PRODUCT_NAME = "$(TARGET_NAME)";
				SWIFT_VERSION = 5.0;
				TARGETED_DEVICE_FAMILY = "1,2";
				TEST_HOST = "$(BUILT_PRODUCTS_DIR)/Flix.app/Flix";
			};
			name = Release;
		};
		6A69A62B235A050D0027A661 /* Debug */ = {
			isa = XCBuildConfiguration;
			buildSettings = {
				ALWAYS_EMBED_SWIFT_STANDARD_LIBRARIES = YES;
				CODE_SIGN_STYLE = Automatic;
				INFOPLIST_FILE = FlixUITests/Info.plist;
				LD_RUNPATH_SEARCH_PATHS = (
					"$(inherited)",
					"@executable_path/Frameworks",
					"@loader_path/Frameworks",
				);
				PRODUCT_BUNDLE_IDENTIFIER = "www.linkedin.com-in-kevin-denis2022-.FlixUITests";
				PRODUCT_NAME = "$(TARGET_NAME)";
				SWIFT_VERSION = 5.0;
				TARGETED_DEVICE_FAMILY = "1,2";
				TEST_TARGET_NAME = Flix;
			};
			name = Debug;
		};
		6A69A62C235A050D0027A661 /* Release */ = {
			isa = XCBuildConfiguration;
			buildSettings = {
				ALWAYS_EMBED_SWIFT_STANDARD_LIBRARIES = YES;
				CODE_SIGN_STYLE = Automatic;
				INFOPLIST_FILE = FlixUITests/Info.plist;
				LD_RUNPATH_SEARCH_PATHS = (
					"$(inherited)",
					"@executable_path/Frameworks",
					"@loader_path/Frameworks",
				);
				PRODUCT_BUNDLE_IDENTIFIER = "www.linkedin.com-in-kevin-denis2022-.FlixUITests";
				PRODUCT_NAME = "$(TARGET_NAME)";
				SWIFT_VERSION = 5.0;
				TARGETED_DEVICE_FAMILY = "1,2";
				TEST_TARGET_NAME = Flix;
			};
			name = Release;
		};
/* End XCBuildConfiguration section */

/* Begin XCConfigurationList section */
		6A69A5F7235A050C0027A661 /* Build configuration list for PBXProject "Flix" */ = {
			isa = XCConfigurationList;
			buildConfigurations = (
				6A69A622235A050D0027A661 /* Debug */,
				6A69A623235A050D0027A661 /* Release */,
			);
			defaultConfigurationIsVisible = 0;
			defaultConfigurationName = Release;
		};
		6A69A624235A050D0027A661 /* Build configuration list for PBXNativeTarget "Flix" */ = {
			isa = XCConfigurationList;
			buildConfigurations = (
				6A69A625235A050D0027A661 /* Debug */,
				6A69A626235A050D0027A661 /* Release */,
			);
			defaultConfigurationIsVisible = 0;
			defaultConfigurationName = Release;
		};
		6A69A627235A050D0027A661 /* Build configuration list for PBXNativeTarget "FlixTests" */ = {
			isa = XCConfigurationList;
			buildConfigurations = (
				6A69A628235A050D0027A661 /* Debug */,
				6A69A629235A050D0027A661 /* Release */,
			);
			defaultConfigurationIsVisible = 0;
			defaultConfigurationName = Release;
		};
		6A69A62A235A050D0027A661 /* Build configuration list for PBXNativeTarget "FlixUITests" */ = {
			isa = XCConfigurationList;
			buildConfigurations = (
				6A69A62B235A050D0027A661 /* Debug */,
				6A69A62C235A050D0027A661 /* Release */,
			);
			defaultConfigurationIsVisible = 0;
			defaultConfigurationName = Release;
		};
/* End XCConfigurationList section */
	};
	rootObject = 6A69A5F4235A050C0027A661 /* Project object */;
}
